// !$*UTF8*$!
{
	archiveVersion = 1;
	classes = {
	};
	objectVersion = 50;
	objects = {

/* Begin PBXBuildFile section */
		7B5A20145043486F388A2450 /* Pods_SharePics.framework in Frameworks */ = {isa = PBXBuildFile; fileRef = 26CE505B7DA7407CFEE7CA7C /* Pods_SharePics.framework */; };
		AA2D542220D51D6300B5A5E4 /* AppDelegate.swift in Sources */ = {isa = PBXBuildFile; fileRef = AA2D542120D51D6300B5A5E4 /* AppDelegate.swift */; };
		AA2D542420D51D6300B5A5E4 /* ViewController.swift in Sources */ = {isa = PBXBuildFile; fileRef = AA2D542320D51D6300B5A5E4 /* ViewController.swift */; };
		AA2D542720D51D6300B5A5E4 /* Main.storyboard in Resources */ = {isa = PBXBuildFile; fileRef = AA2D542520D51D6300B5A5E4 /* Main.storyboard */; };
		AA2D542A20D51D6300B5A5E4 /* SharePics.xcdatamodeld in Sources */ = {isa = PBXBuildFile; fileRef = AA2D542820D51D6300B5A5E4 /* SharePics.xcdatamodeld */; };
		AA2D542C20D51D6400B5A5E4 /* Assets.xcassets in Resources */ = {isa = PBXBuildFile; fileRef = AA2D542B20D51D6400B5A5E4 /* Assets.xcassets */; };
		AA2D542F20D51D6400B5A5E4 /* LaunchScreen.storyboard in Resources */ = {isa = PBXBuildFile; fileRef = AA2D542D20D51D6400B5A5E4 /* LaunchScreen.storyboard */; };
		AA2D543720D5263800B5A5E4 /* camera.jpg in Resources */ = {isa = PBXBuildFile; fileRef = AA2D543620D5263800B5A5E4 /* camera.jpg */; };
		AA2D543B20D5990600B5A5E4 /* UsersTableViewController.swift in Sources */ = {isa = PBXBuildFile; fileRef = AA2D543A20D5990600B5A5E4 /* UsersTableViewController.swift */; };
/* End PBXBuildFile section */

/* Begin PBXFileReference section */
		26CE505B7DA7407CFEE7CA7C /* Pods_SharePics.framework */ = {isa = PBXFileReference; explicitFileType = wrapper.framework; includeInIndex = 0; path = Pods_SharePics.framework; sourceTree = BUILT_PRODUCTS_DIR; };
		AA2D541E20D51D6300B5A5E4 /* SharePics.app */ = {isa = PBXFileReference; explicitFileType = wrapper.application; includeInIndex = 0; path = SharePics.app; sourceTree = BUILT_PRODUCTS_DIR; };
		AA2D542120D51D6300B5A5E4 /* AppDelegate.swift */ = {isa = PBXFileReference; lastKnownFileType = sourcecode.swift; path = AppDelegate.swift; sourceTree = "<group>"; };
		AA2D542320D51D6300B5A5E4 /* ViewController.swift */ = {isa = PBXFileReference; lastKnownFileType = sourcecode.swift; path = ViewController.swift; sourceTree = "<group>"; };
		AA2D542620D51D6300B5A5E4 /* Base */ = {isa = PBXFileReference; lastKnownFileType = file.storyboard; name = Base; path = Base.lproj/Main.storyboard; sourceTree = "<group>"; };
		AA2D542920D51D6300B5A5E4 /* SharePics.xcdatamodel */ = {isa = PBXFileReference; lastKnownFileType = wrapper.xcdatamodel; path = SharePics.xcdatamodel; sourceTree = "<group>"; };
		AA2D542B20D51D6400B5A5E4 /* Assets.xcassets */ = {isa = PBXFileReference; lastKnownFileType = folder.assetcatalog; path = Assets.xcassets; sourceTree = "<group>"; };
		AA2D542E20D51D6400B5A5E4 /* Base */ = {isa = PBXFileReference; lastKnownFileType = file.storyboard; name = Base; path = Base.lproj/LaunchScreen.storyboard; sourceTree = "<group>"; };
		AA2D543020D51D6400B5A5E4 /* Info.plist */ = {isa = PBXFileReference; lastKnownFileType = text.plist.xml; path = Info.plist; sourceTree = "<group>"; };
		AA2D543620D5263800B5A5E4 /* camera.jpg */ = {isa = PBXFileReference; lastKnownFileType = image.jpeg; path = camera.jpg; sourceTree = "<group>"; };
		AA2D543A20D5990600B5A5E4 /* UsersTableViewController.swift */ = {isa = PBXFileReference; lastKnownFileType = sourcecode.swift; path = UsersTableViewController.swift; sourceTree = "<group>"; };
		CAD1BC05E68F6E7E4ED29C9C /* Pods-SharePics.release.xcconfig */ = {isa = PBXFileReference; includeInIndex = 1; lastKnownFileType = text.xcconfig; name = "Pods-SharePics.release.xcconfig"; path = "Pods/Target Support Files/Pods-SharePics/Pods-SharePics.release.xcconfig"; sourceTree = "<group>"; };
		D2DA6ECF18448F33415036FE /* Pods-SharePics.debug.xcconfig */ = {isa = PBXFileReference; includeInIndex = 1; lastKnownFileType = text.xcconfig; name = "Pods-SharePics.debug.xcconfig"; path = "Pods/Target Support Files/Pods-SharePics/Pods-SharePics.debug.xcconfig"; sourceTree = "<group>"; };
/* End PBXFileReference section */

/* Begin PBXFrameworksBuildPhase section */
		AA2D541B20D51D6300B5A5E4 /* Frameworks */ = {
			isa = PBXFrameworksBuildPhase;
			buildActionMask = 2147483647;
			files = (
				7B5A20145043486F388A2450 /* Pods_SharePics.framework in Frameworks */,
			);
			runOnlyForDeploymentPostprocessing = 0;
		};
/* End PBXFrameworksBuildPhase section */

/* Begin PBXGroup section */
		63AA62C8D962D215A9E6D0FA /* Frameworks */ = {
			isa = PBXGroup;
			children = (
				26CE505B7DA7407CFEE7CA7C /* Pods_SharePics.framework */,
			);
			name = Frameworks;
			sourceTree = "<group>";
		};
		AA2D541520D51D6300B5A5E4 = {
			isa = PBXGroup;
			children = (
				AA2D542020D51D6300B5A5E4 /* SharePics */,
				AA2D541F20D51D6300B5A5E4 /* Products */,
				EF8F1808E8D8C833DBBF1DF8 /* Pods */,
				63AA62C8D962D215A9E6D0FA /* Frameworks */,
			);
			sourceTree = "<group>";
		};
		AA2D541F20D51D6300B5A5E4 /* Products */ = {
			isa = PBXGroup;
			children = (
				AA2D541E20D51D6300B5A5E4 /* SharePics.app */,
			);
			name = Products;
			sourceTree = "<group>";
		};
		AA2D542020D51D6300B5A5E4 /* SharePics */ = {
			isa = PBXGroup;
			children = (
				AA2D543620D5263800B5A5E4 /* camera.jpg */,
				AA2D542120D51D6300B5A5E4 /* AppDelegate.swift */,
				AA2D542320D51D6300B5A5E4 /* ViewController.swift */,
				AA2D542520D51D6300B5A5E4 /* Main.storyboard */,
				AA2D542B20D51D6400B5A5E4 /* Assets.xcassets */,
				AA2D542D20D51D6400B5A5E4 /* LaunchScreen.storyboard */,
				AA2D543020D51D6400B5A5E4 /* Info.plist */,
				AA2D542820D51D6300B5A5E4 /* SharePics.xcdatamodeld */,
				AA2D543A20D5990600B5A5E4 /* UsersTableViewController.swift */,
			);
			path = SharePics;
			sourceTree = "<group>";
		};
		EF8F1808E8D8C833DBBF1DF8 /* Pods */ = {
			isa = PBXGroup;
			children = (
				D2DA6ECF18448F33415036FE /* Pods-SharePics.debug.xcconfig */,
				CAD1BC05E68F6E7E4ED29C9C /* Pods-SharePics.release.xcconfig */,
			);
			name = Pods;
			sourceTree = "<group>";
		};
/* End PBXGroup section */

/* Begin PBXNativeTarget section */
		AA2D541D20D51D6300B5A5E4 /* SharePics */ = {
			isa = PBXNativeTarget;
			buildConfigurationList = AA2D543320D51D6400B5A5E4 /* Build configuration list for PBXNativeTarget "SharePics" */;
			buildPhases = (
				83D2D29E9FC6E4968D69C8A9 /* [CP] Check Pods Manifest.lock */,
				AA2D541A20D51D6300B5A5E4 /* Sources */,
				AA2D541B20D51D6300B5A5E4 /* Frameworks */,
				AA2D541C20D51D6300B5A5E4 /* Resources */,
				33FA5D35BFC57C8CC7550628 /* [CP] Embed Pods Frameworks */,
			);
			buildRules = (
			);
			dependencies = (
			);
			name = SharePics;
			productName = SharePics;
			productReference = AA2D541E20D51D6300B5A5E4 /* SharePics.app */;
			productType = "com.apple.product-type.application";
		};
/* End PBXNativeTarget section */

/* Begin PBXProject section */
		AA2D541620D51D6300B5A5E4 /* Project object */ = {
			isa = PBXProject;
			attributes = {
				LastSwiftUpdateCheck = 0930;
				LastUpgradeCheck = 0930;
				ORGANIZATIONNAME = umadina;
				TargetAttributes = {
					AA2D541D20D51D6300B5A5E4 = {
						CreatedOnToolsVersion = 9.3;
					};
				};
			};
			buildConfigurationList = AA2D541920D51D6300B5A5E4 /* Build configuration list for PBXProject "SharePics" */;
			compatibilityVersion = "Xcode 9.3";
			developmentRegion = en;
			hasScannedForEncodings = 0;
			knownRegions = (
				en,
				Base,
			);
			mainGroup = AA2D541520D51D6300B5A5E4;
			productRefGroup = AA2D541F20D51D6300B5A5E4 /* Products */;
			projectDirPath = "";
			projectRoot = "";
			targets = (
				AA2D541D20D51D6300B5A5E4 /* SharePics */,
			);
		};
/* End PBXProject section */

/* Begin PBXResourcesBuildPhase section */
		AA2D541C20D51D6300B5A5E4 /* Resources */ = {
			isa = PBXResourcesBuildPhase;
			buildActionMask = 2147483647;
			files = (
				AA2D542F20D51D6400B5A5E4 /* LaunchScreen.storyboard in Resources */,
				AA2D542C20D51D6400B5A5E4 /* Assets.xcassets in Resources */,
				AA2D543720D5263800B5A5E4 /* camera.jpg in Resources */,
				AA2D542720D51D6300B5A5E4 /* Main.storyboard in Resources */,
			);
			runOnlyForDeploymentPostprocessing = 0;
		};
/* End PBXResourcesBuildPhase section */

/* Begin PBXShellScriptBuildPhase section */
		33FA5D35BFC57C8CC7550628 /* [CP] Embed Pods Frameworks */ = {
			isa = PBXShellScriptBuildPhase;
			buildActionMask = 2147483647;
			files = (
			);
			inputPaths = (
				"${SRCROOT}/Pods/Target Support Files/Pods-SharePics/Pods-SharePics-frameworks.sh",
				"${BUILT_PRODUCTS_DIR}/Bolts/Bolts.framework",
				"${BUILT_PRODUCTS_DIR}/Parse/Parse.framework",
			);
			name = "[CP] Embed Pods Frameworks";
			outputPaths = (
				"${TARGET_BUILD_DIR}/${FRAMEWORKS_FOLDER_PATH}/Bolts.framework",
				"${TARGET_BUILD_DIR}/${FRAMEWORKS_FOLDER_PATH}/Parse.framework",
			);
			runOnlyForDeploymentPostprocessing = 0;
			shellPath = /bin/sh;
			shellScript = "\"${SRCROOT}/Pods/Target Support Files/Pods-SharePics/Pods-SharePics-frameworks.sh\"\n";
			showEnvVarsInLog = 0;
		};
		83D2D29E9FC6E4968D69C8A9 /* [CP] Check Pods Manifest.lock */ = {
			isa = PBXShellScriptBuildPhase;
			buildActionMask = 2147483647;
			files = (
			);
			inputPaths = (
				"${PODS_PODFILE_DIR_PATH}/Podfile.lock",
				"${PODS_ROOT}/Manifest.lock",
			);
			name = "[CP] Check Pods Manifest.lock";
			outputPaths = (
				"$(DERIVED_FILE_DIR)/Pods-SharePics-checkManifestLockResult.txt",
			);
			runOnlyForDeploymentPostprocessing = 0;
			shellPath = /bin/sh;
			shellScript = "diff \"${PODS_PODFILE_DIR_PATH}/Podfile.lock\" \"${PODS_ROOT}/Manifest.lock\" > /dev/null\nif [ $? != 0 ] ; then\n    # print error to STDERR\n    echo \"error: The sandbox is not in sync with the Podfile.lock. Run 'pod install' or update your CocoaPods installation.\" >&2\n    exit 1\nfi\n# This output is used by Xcode 'outputs' to avoid re-running this script phase.\necho \"SUCCESS\" > \"${SCRIPT_OUTPUT_FILE_0}\"\n";
			showEnvVarsInLog = 0;
		};
/* End PBXShellScriptBuildPhase section */

/* Begin PBXSourcesBuildPhase section */
		AA2D541A20D51D6300B5A5E4 /* Sources */ = {
			isa = PBXSourcesBuildPhase;
			buildActionMask = 2147483647;
			files = (
				AA2D542A20D51D6300B5A5E4 /* SharePics.xcdatamodeld in Sources */,
				AA2D542420D51D6300B5A5E4 /* ViewController.swift in Sources */,
				AA2D543B20D5990600B5A5E4 /* UsersTableViewController.swift in Sources */,
				AA2D542220D51D6300B5A5E4 /* AppDelegate.swift in Sources */,
			);
			runOnlyForDeploymentPostprocessing = 0;
		};
/* End PBXSourcesBuildPhase section */

/* Begin PBXVariantGroup section */
		AA2D542520D51D6300B5A5E4 /* Main.storyboard */ = {
			isa = PBXVariantGroup;
			children = (
				AA2D542620D51D6300B5A5E4 /* Base */,
			);
			name = Main.storyboard;
			sourceTree = "<group>";
		};
		AA2D542D20D51D6400B5A5E4 /* LaunchScreen.storyboard */ = {
			isa = PBXVariantGroup;
			children = (
				AA2D542E20D51D6400B5A5E4 /* Base */,
			);
			name = LaunchScreen.storyboard;
			sourceTree = "<group>";
		};
/* End PBXVariantGroup section */

/* Begin XCBuildConfiguration section */
		AA2D543120D51D6400B5A5E4 /* Debug */ = {
			isa = XCBuildConfiguration;
			buildSettings = {
				ALWAYS_SEARCH_USER_PATHS = NO;
				CLANG_ANALYZER_NONNULL = YES;
				CLANG_ANALYZER_NUMBER_OBJECT_CONVERSION = YES_AGGRESSIVE;
				CLANG_CXX_LANGUAGE_STANDARD = "gnu++14";
				CLANG_CXX_LIBRARY = "libc++";
				CLANG_ENABLE_MODULES = YES;
				CLANG_ENABLE_OBJC_ARC = YES;
				CLANG_ENABLE_OBJC_WEAK = YES;
				CLANG_WARN_BLOCK_CAPTURE_AUTORELEASING = YES;
				CLANG_WARN_BOOL_CONVERSION = YES;
				CLANG_WARN_COMMA = YES;
				CLANG_WARN_CONSTANT_CONVERSION = YES;
				CLANG_WARN_DEPRECATED_OBJC_IMPLEMENTATIONS = YES;
				CLANG_WARN_DIRECT_OBJC_ISA_USAGE = YES_ERROR;
				CLANG_WARN_DOCUMENTATION_COMMENTS = YES;
				CLANG_WARN_EMPTY_BODY = YES;
				CLANG_WARN_ENUM_CONVERSION = YES;
				CLANG_WARN_INFINITE_RECURSION = YES;
				CLANG_WARN_INT_CONVERSION = YES;
				CLANG_WARN_NON_LITERAL_NULL_CONVERSION = YES;
				CLANG_WARN_OBJC_IMPLICIT_RETAIN_SELF = YES;
				CLANG_WARN_OBJC_LITERAL_CONVERSION = YES;
				CLANG_WARN_OBJC_ROOT_CLASS = YES_ERROR;
				CLANG_WARN_RANGE_LOOP_ANALYSIS = YES;
				CLANG_WARN_STRICT_PROTOTYPES = YES;
				CLANG_WARN_SUSPICIOUS_MOVE = YES;
				CLANG_WARN_UNGUARDED_AVAILABILITY = YES_AGGRESSIVE;
				CLANG_WARN_UNREACHABLE_CODE = YES;
				CLANG_WARN__DUPLICATE_METHOD_MATCH = YES;
				CODE_SIGN_IDENTITY = "iPhone Developer";
				COPY_PHASE_STRIP = NO;
				DEBUG_INFORMATION_FORMAT = dwarf;
				ENABLE_STRICT_OBJC_MSGSEND = YES;
				ENABLE_TESTABILITY = YES;
				GCC_C_LANGUAGE_STANDARD = gnu11;
				GCC_DYNAMIC_NO_PIC = NO;
				GCC_NO_COMMON_BLOCKS = YES;
				GCC_OPTIMIZATION_LEVEL = 0;
				GCC_PREPROCESSOR_DEFINITIONS = (
					"DEBUG=1",
					"$(inherited)",
				);
				GCC_WARN_64_TO_32_BIT_CONVERSION = YES;
				GCC_WARN_ABOUT_RETURN_TYPE = YES_ERROR;
				GCC_WARN_UNDECLARED_SELECTOR = YES;
				GCC_WARN_UNINITIALIZED_AUTOS = YES_AGGRESSIVE;
				GCC_WARN_UNUSED_FUNCTION = YES;
				GCC_WARN_UNUSED_VARIABLE = YES;
				IPHONEOS_DEPLOYMENT_TARGET = 11.3;
				MTL_ENABLE_DEBUG_INFO = YES;
				ONLY_ACTIVE_ARCH = YES;
				SDKROOT = iphoneos;
				SWIFT_ACTIVE_COMPILATION_CONDITIONS = DEBUG;
				SWIFT_OPTIMIZATION_LEVEL = "-Onone";
			};
			name = Debug;
		};
		AA2D543220D51D6400B5A5E4 /* Release */ = {
			isa = XCBuildConfiguration;
			buildSettings = {
				ALWAYS_SEARCH_USER_PATHS = NO;
				CLANG_ANALYZER_NONNULL = YES;
				CLANG_ANALYZER_NUMBER_OBJECT_CONVERSION = YES_AGGRESSIVE;
				CLANG_CXX_LANGUAGE_STANDARD = "gnu++14";
				CLANG_CXX_LIBRARY = "libc++";
				CLANG_ENABLE_MODULES = YES;
				CLANG_ENABLE_OBJC_ARC = YES;
				CLANG_ENABLE_OBJC_WEAK = YES;
				CLANG_WARN_BLOCK_CAPTURE_AUTORELEASING = YES;
				CLANG_WARN_BOOL_CONVERSION = YES;
				CLANG_WARN_COMMA = YES;
				CLANG_WARN_CONSTANT_CONVERSION = YES;
				CLANG_WARN_DEPRECATED_OBJC_IMPLEMENTATIONS = YES;
				CLANG_WARN_DIRECT_OBJC_ISA_USAGE = YES_ERROR;
				CLANG_WARN_DOCUMENTATION_COMMENTS = YES;
				CLANG_WARN_EMPTY_BODY = YES;
				CLANG_WARN_ENUM_CONVERSION = YES;
				CLANG_WARN_INFINITE_RECURSION = YES;
				CLANG_WARN_INT_CONVERSION = YES;
				CLANG_WARN_NON_LITERAL_NULL_CONVERSION = YES;
				CLANG_WARN_OBJC_IMPLICIT_RETAIN_SELF = YES;
				CLANG_WARN_OBJC_LITERAL_CONVERSION = YES;
				CLANG_WARN_OBJC_ROOT_CLASS = YES_ERROR;
				CLANG_WARN_RANGE_LOOP_ANALYSIS = YES;
				CLANG_WARN_STRICT_PROTOTYPES = YES;
				CLANG_WARN_SUSPICIOUS_MOVE = YES;
				CLANG_WARN_UNGUARDED_AVAILABILITY = YES_AGGRESSIVE;
				CLANG_WARN_UNREACHABLE_CODE = YES;
				CLANG_WARN__DUPLICATE_METHOD_MATCH = YES;
				CODE_SIGN_IDENTITY = "iPhone Developer";
				COPY_PHASE_STRIP = NO;
				DEBUG_INFORMATION_FORMAT = "dwarf-with-dsym";
				ENABLE_NS_ASSERTIONS = NO;
				ENABLE_STRICT_OBJC_MSGSEND = YES;
				GCC_C_LANGUAGE_STANDARD = gnu11;
				GCC_NO_COMMON_BLOCKS = YES;
				GCC_WARN_64_TO_32_BIT_CONVERSION = YES;
				GCC_WARN_ABOUT_RETURN_TYPE = YES_ERROR;
				GCC_WARN_UNDECLARED_SELECTOR = YES;
				GCC_WARN_UNINITIALIZED_AUTOS = YES_AGGRESSIVE;
				GCC_WARN_UNUSED_FUNCTION = YES;
				GCC_WARN_UNUSED_VARIABLE = YES;
				IPHONEOS_DEPLOYMENT_TARGET = 11.3;
				MTL_ENABLE_DEBUG_INFO = NO;
				SDKROOT = iphoneos;
				SWIFT_COMPILATION_MODE = wholemodule;
				SWIFT_OPTIMIZATION_LEVEL = "-O";
				VALIDATE_PRODUCT = YES;
			};
			name = Release;
		};
		AA2D543420D51D6400B5A5E4 /* Debug */ = {
			isa = XCBuildConfiguration;
			baseConfigurationReference = D2DA6ECF18448F33415036FE /* Pods-SharePics.debug.xcconfig */;
			buildSettings = {
				ASSETCATALOG_COMPILER_APPICON_NAME = AppIcon;
				CODE_SIGN_STYLE = Automatic;
				INFOPLIST_FILE = SharePics/Info.plist;
				LD_RUNPATH_SEARCH_PATHS = (
					"$(inherited)",
					"@executable_path/Frameworks",
				);
				PRODUCT_BUNDLE_IDENTIFIER = es.upv.epsa.SharePics;
				PRODUCT_NAME = "$(TARGET_NAME)";
				SWIFT_VERSION = 4.0;
				TARGETED_DEVICE_FAMILY = "1,2";
			};
			name = Debug;
		};
		AA2D543520D51D6400B5A5E4 /* Release */ = {
			isa = XCBuildConfiguration;
			baseConfigurationReference = CAD1BC05E68F6E7E4ED29C9C /* Pods-SharePics.release.xcconfig */;
			buildSettings = {
				ASSETCATALOG_COMPILER_APPICON_NAME = AppIcon;
				CODE_SIGN_STYLE = Automatic;
				INFOPLIST_FILE = SharePics/Info.plist;
				LD_RUNPATH_SEARCH_PATHS = (
					"$(inherited)",
					"@executable_path/Frameworks",
				);
				PRODUCT_BUNDLE_IDENTIFIER = es.upv.epsa.SharePics;
				PRODUCT_NAME = "$(TARGET_NAME)";
				SWIFT_VERSION = 4.0;
				TARGETED_DEVICE_FAMILY = "1,2";
			};
			name = Release;
		};
/* End XCBuildConfiguration section */

/* Begin XCConfigurationList section */
		AA2D541920D51D6300B5A5E4 /* Build configuration list for PBXProject "SharePics" */ = {
			isa = XCConfigurationList;
			buildConfigurations = (
				AA2D543120D51D6400B5A5E4 /* Debug */,
				AA2D543220D51D6400B5A5E4 /* Release */,
			);
			defaultConfigurationIsVisible = 0;
			defaultConfigurationName = Release;
		};
		AA2D543320D51D6400B5A5E4 /* Build configuration list for PBXNativeTarget "SharePics" */ = {
			isa = XCConfigurationList;
			buildConfigurations = (
				AA2D543420D51D6400B5A5E4 /* Debug */,
				AA2D543520D51D6400B5A5E4 /* Release */,
			);
			defaultConfigurationIsVisible = 0;
			defaultConfigurationName = Release;
		};
/* End XCConfigurationList section */

/* Begin XCVersionGroup section */
		AA2D542820D51D6300B5A5E4 /* SharePics.xcdatamodeld */ = {
			isa = XCVersionGroup;
			children = (
				AA2D542920D51D6300B5A5E4 /* SharePics.xcdatamodel */,
			);
			currentVersion = AA2D542920D51D6300B5A5E4 /* SharePics.xcdatamodel */;
			path = SharePics.xcdatamodeld;
			sourceTree = "<group>";
			versionGroupType = wrapper.xcdatamodel;
		};
/* End XCVersionGroup section */
	};
	rootObject = AA2D541620D51D6300B5A5E4 /* Project object */;
}
